{
  "name": "rescenic.github.io",
  "lockfileVersion": 2,
  "requires": true,
  "packages": {
    "": {
      "dependencies": {
        "purecss": "^2.0.3"
      }
    },
    "node_modules/purecss": {
      "version": "2.0.3",
      "resolved": "https://registry.npmjs.org/purecss/-/purecss-2.0.3.tgz",
      "integrity": "sha512-jK5t8Wdyh1xiskKt9Pk3psruRP7XHcHYfsBkA9tu+CGGxaC3goTyd9EFCFyYuhC7AK/68NqDfuOsP8FgQ9vHRg=="
    }
  },
  "dependencies": {
    "purecss": {
      "version": "2.0.3",
      "resolved": "https://registry.npmjs.org/purecss/-/purecss-2.0.3.tgz",
      "integrity": "sha512-jK5t8Wdyh1xiskKt9Pk3psruRP7XHcHYfsBkA9tu+CGGxaC3goTyd9EFCFyYuhC7AK/68NqDfuOsP8FgQ9vHRg=="
    }
  }
}
